<?xml version="1.0" encoding="utf-8"?>
<Project ToolsVersion="4.0" xmlns="http://schemas.microsoft.com/developer/msbuild/2003">
  <ItemGroup>
    <ClCompile Include="CanvasCore.cpp">
      <Filter>Source Files</Filter>
    </ClCompile>
    <ClCompile Include="dllmain.cpp">
      <Filter>Source Files</Filter>
    </ClCompile>
    <ClCompile Include="Scene.cpp">
      <Filter>Source Files</Filter>
    </ClCompile>
    <ClCompile Include="stdafx.cpp">
      <Filter>Source Files</Filter>
    </ClCompile>
    <ClCompile Include="Timer.cpp">
      <Filter>Source Files</Filter>
    </ClCompile>
    <ClCompile Include="Name.cpp">
      <Filter>Source Files</Filter>
    </ClCompile>
    <ClCompile Include="Object.cpp">
      <Filter>Source Files</Filter>
    </ClCompile>
  </ItemGroup>
  <ItemGroup>
    <ClInclude Include="stdafx.h">
      <Filter>Header Files</Filter>
    </ClInclude>
    <ClInclude Include="targetver.h">
      <Filter>Header Files</Filter>
    </ClInclude>
    <ClInclude Include="..\Inc\CanvasCore.h">
      <Filter>Header Files</Filter>
    </ClInclude>
    <ClInclude Include="..\Inc\CanvasMath.hpp">
      <Filter>Header Files</Filter>
    </ClInclude>
    <ClInclude Include="..\..\..\Gem\src\Inc\Gem.hpp">
      <Filter>Header Files</Filter>
    </ClInclude>
    <ClInclude Include="Timer.h">
      <Filter>Header Files</Filter>
    </ClInclude>
    <ClInclude Include="..\Common\Timeline.h">
      <Filter>Header Files</Filter>
    </ClInclude>
    <ClInclude Include="..\Common\Logger.h">
      <Filter>Header Files</Filter>
    </ClInclude>
    <ClInclude Include="..\SlimLog\Inc\SlimLog.h">
      <Filter>Header Files</Filter>
    </ClInclude>
    <ClInclude Include="Inc\Camera.h">
      <Filter>Header Files</Filter>
    </ClInclude>
    <ClInclude Include="Inc\Canvas.h">
      <Filter>Header Files</Filter>
    </ClInclude>
    <ClInclude Include="Inc\DataSource.h">
      <Filter>Header Files</Filter>
    </ClInclude>
    <ClInclude Include="Inc\Graphics.h">
      <Filter>Header Files</Filter>
    </ClInclude>
    <ClInclude Include="Inc\Light.h">
      <Filter>Header Files</Filter>
    </ClInclude>
    <ClInclude Include="Inc\Logger.h">
      <Filter>Header Files</Filter>
    </ClInclude>
    <ClInclude Include="Inc\Model.h">
      <Filter>Header Files</Filter>
    </ClInclude>
    <ClInclude Include="Inc\Object.h">
      <Filter>Header Files</Filter>
    </ClInclude>
    <ClInclude Include="Inc\Scene.h">
      <Filter>Header Files</Filter>
    </ClInclude>
    <ClInclude Include="Inc\SceneGraph.h">
      <Filter>Header Files</Filter>
    </ClInclude>
    <ClInclude Include="Inc\Timeline.h">
      <Filter>Header Files</Filter>
    </ClInclude>
    <ClInclude Include="Inc\Timer.h">
      <Filter>Header Files</Filter>
    </ClInclude>
    <ClInclude Include="Inc\Transform.h">
      <Filter>Header Files</Filter>
    </ClInclude>
    <ClInclude Include="Inc\Name.h">
      <Filter>Header Files</Filter>
    </ClInclude>
  </ItemGroup>
  <ItemGroup>
    <None Include="CanvasCore.def" />
    <None Include="Inc\Object.inl">
      <Filter>Header Files</Filter>
    </None>
  </ItemGroup>
  <ItemGroup>
    <Filter Include="Header Files">
      <UniqueIdentifier>{8bb93ddf-2064-4bf3-b4a6-0982066bcee5}</UniqueIdentifier>
    </Filter>
    <Filter Include="Source Files">
      <UniqueIdentifier>{addb3974-f5d9-48f4-a6e6-ab7d200f4215}</UniqueIdentifier>
    </Filter>
  </ItemGroup>
</Project>