
Microsoft Visual Studio Solution File, Format Version 12.00
# Visual Studio 15
VisualStudioVersion = 15.0.28307.102
MinimumVisualStudioVersion = 10.0.40219.1
Project("{8BC9CEB8-8B4A-11D0-8D11-00A0C91BC942}") = "CanvasCore", "CanvasCore\CanvasCore.vcxproj", "{EA57EEF8-E2C3-403E-ADFB-BCC7E08DEA22}"
EndProject
Project("{8BC9CEB8-8B4A-11D0-8D11-00A0C91BC942}") = "CanvasConsole", "CanvasConsole\CanvasConsole.vcxproj", "{88C398F7-D5D5-4D9F-B6E3-6F9F69CFE1A2}"
EndProject
Project("{8BC9CEB8-8B4A-11D0-8D11-00A0C91BC942}") = "CanvasUnitTest", "CanvasUnitTest\CanvasUnitTest.vcxproj", "{6F837B50-FF1C-4010-B670-A974B15621AE}"
EndProject
Global
	GlobalSection(SolutionConfigurationPlatforms) = preSolution
		Debug|x64 = Debug|x64
		Debug|x86 = Debug|x86
		Release|x64 = Release|x64
		Release|x86 = Release|x86
	EndGlobalSection
	GlobalSection(ProjectConfigurationPlatforms) = postSolution
		{EA57EEF8-E2C3-403E-ADFB-BCC7E08DEA22}.Debug|x64.ActiveCfg = Debug|x64
		{EA57EEF8-E2C3-403E-ADFB-BCC7E08DEA22}.Debug|x64.Build.0 = Debug|x64
		{EA57EEF8-E2C3-403E-ADFB-BCC7E08DEA22}.Debug|x86.ActiveCfg = Debug|Win32
		{EA57EEF8-E2C3-403E-ADFB-BCC7E08DEA22}.Debug|x86.Build.0 = Debug|Win32
		{EA57EEF8-E2C3-403E-ADFB-BCC7E08DEA22}.Release|x64.ActiveCfg = Release|x64
		{EA57EEF8-E2C3-403E-ADFB-BCC7E08DEA22}.Release|x64.Build.0 = Release|x64
		{EA57EEF8-E2C3-403E-ADFB-BCC7E08DEA22}.Release|x86.ActiveCfg = Release|Win32
		{EA57EEF8-E2C3-403E-ADFB-BCC7E08DEA22}.Release|x86.Build.0 = Release|Win32
		{88C398F7-D5D5-4D9F-B6E3-6F9F69CFE1A2}.Debug|x64.ActiveCfg = Debug|x64
		{88C398F7-D5D5-4D9F-B6E3-6F9F69CFE1A2}.Debug|x64.Build.0 = Debug|x64
		{88C398F7-D5D5-4D9F-B6E3-6F9F69CFE1A2}.Debug|x86.ActiveCfg = Debug|Win32
		{88C398F7-D5D5-4D9F-B6E3-6F9F69CFE1A2}.Debug|x86.Build.0 = Debug|Win32
		{88C398F7-D5D5-4D9F-B6E3-6F9F69CFE1A2}.Release|x64.ActiveCfg = Release|x64
		{88C398F7-D5D5-4D9F-B6E3-6F9F69CFE1A2}.Release|x64.Build.0 = Release|x64
		{88C398F7-D5D5-4D9F-B6E3-6F9F69CFE1A2}.Release|x86.ActiveCfg = Release|Win32
		{88C398F7-D5D5-4D9F-B6E3-6F9F69CFE1A2}.Release|x86.Build.0 = Release|Win32
		{6F837B50-FF1C-4010-B670-A974B15621AE}.Debug|x64.ActiveCfg = Debug|x64
		{6F837B50-FF1C-4010-B670-A974B15621AE}.Debug|x64.Build.0 = Debug|x64
		{6F837B50-FF1C-4010-B670-A974B15621AE}.Debug|x86.ActiveCfg = Debug|Win32
		{6F837B50-FF1C-4010-B670-A974B15621AE}.Debug|x86.Build.0 = Debug|Win32
		{6F837B50-FF1C-4010-B670-A974B15621AE}.Release|x64.ActiveCfg = Release|x64
		{6F837B50-FF1C-4010-B670-A974B15621AE}.Release|x64.Build.0 = Release|x64
		{6F837B50-FF1C-4010-B670-A974B15621AE}.Release|x86.ActiveCfg = Release|Win32
		{6F837B50-FF1C-4010-B670-A974B15621AE}.Release|x86.Build.0 = Release|Win32
	EndGlobalSection
	GlobalSection(SolutionProperties) = preSolution
		HideSolutionNode = FALSE
	EndGlobalSection
	GlobalSection(ExtensibilityGlobals) = postSolution
		SolutionGuid = {4CB52230-2426-4E01-B548-4FC3515535FC}
	EndGlobalSection
EndGlobal
