
Microsoft Visual Studio Solution File, Format Version 12.00
# Visual Studio 15
VisualStudioVersion = 15.0.28307.102
MinimumVisualStudioVersion = 10.0.40219.1
Project("{8BC9CEB8-8B4A-11D0-8D11-00A0C91BC942}") = "CanvasCore", "CanvasCore\CanvasCore.vcxproj", "{EA57EEF8-E2C3-403E-ADFB-BCC7E08DEA22}"
EndProject
Project("{8BC9CEB8-8B4A-11D0-8D11-00A0C91BC942}") = "CanvasConsole", "CanvasConsole\CanvasConsole.vcxproj", "{88C398F7-D5D5-4D9F-B6E3-6F9F69CFE1A2}"
	ProjectSection(ProjectDependencies) = postProject
		{EA57EEF8-E2C3-403E-ADFB-BCC7E08DEA22} = {EA57EEF8-E2C3-403E-ADFB-BCC7E08DEA22}
	EndProjectSection
EndProject
Project("{8BC9CEB8-8B4A-11D0-8D11-00A0C91BC942}") = "CanvasUnitTest", "CanvasUnitTest\CanvasUnitTest.vcxproj", "{6F837B50-FF1C-4010-B670-A974B15621AE}"
	ProjectSection(ProjectDependencies) = postProject
		{EA57EEF8-E2C3-403E-ADFB-BCC7E08DEA22} = {EA57EEF8-E2C3-403E-ADFB-BCC7E08DEA22}
	EndProjectSection
EndProject
Project("{2150E333-8FDC-42A3-9474-1A3956D46DE8}") = "Inc", "Inc", "{66481EAC-E4B3-475B-A7E7-845BA0EA636D}"
	ProjectSection(SolutionItems) = preProject
		Inc\Canvas.h = Inc\Canvas.h
		Inc\CanvasMath.hpp = Inc\CanvasMath.hpp
		..\..\Gem\src\Inc\Gem.hpp = ..\..\Gem\src\Inc\Gem.hpp
	EndProjectSection
EndProject
Project("{8BC9CEB8-8B4A-11D0-8D11-00A0C91BC942}") = "CanvasModelViewer", "CanvasModelViewer\CanvasModelViewer.vcxproj", "{6C7EFAF8-C6B0-410E-A5FD-2B7FE5B3C83C}"
EndProject
Project("{8BC9CEB8-8B4A-11D0-8D11-00A0C91BC942}") = "CanvasGraphics12", "CanvasGraphics12\CanvasGraphics12.vcxproj", "{F7D2D203-E471-47FE-A644-18E36B5DDEC5}"
EndProject
Project("{8BC9CEB8-8B4A-11D0-8D11-00A0C91BC942}") = "ThinWin", "ThinWin\ThinWin.vcxproj", "{27F5356B-4424-4129-8C24-2757B56A4C8D}"
EndProject
Project("{2150E333-8FDC-42A3-9474-1A3956D46DE8}") = "Common", "Common", "{F01739B3-B7F5-4B6D-A93A-94E5B2A0CCC3}"
	ProjectSection(SolutionItems) = preProject
		Common\CanvasGraphics.h = Common\CanvasGraphics.h
		Common\CanvasObject.h = Common\CanvasObject.h
		Common\SlimLog.h = Common\SlimLog.h
	EndProjectSection
EndProject
Global
	GlobalSection(SolutionConfigurationPlatforms) = preSolution
		Debug|x64 = Debug|x64
		Debug|x86 = Debug|x86
		Release|x64 = Release|x64
		Release|x86 = Release|x86
	EndGlobalSection
	GlobalSection(ProjectConfigurationPlatforms) = postSolution
		{EA57EEF8-E2C3-403E-ADFB-BCC7E08DEA22}.Debug|x64.ActiveCfg = Debug|x64
		{EA57EEF8-E2C3-403E-ADFB-BCC7E08DEA22}.Debug|x64.Build.0 = Debug|x64
		{EA57EEF8-E2C3-403E-ADFB-BCC7E08DEA22}.Debug|x86.ActiveCfg = Debug|Win32
		{EA57EEF8-E2C3-403E-ADFB-BCC7E08DEA22}.Debug|x86.Build.0 = Debug|Win32
		{EA57EEF8-E2C3-403E-ADFB-BCC7E08DEA22}.Release|x64.ActiveCfg = Release|x64
		{EA57EEF8-E2C3-403E-ADFB-BCC7E08DEA22}.Release|x64.Build.0 = Release|x64
		{EA57EEF8-E2C3-403E-ADFB-BCC7E08DEA22}.Release|x86.ActiveCfg = Release|Win32
		{EA57EEF8-E2C3-403E-ADFB-BCC7E08DEA22}.Release|x86.Build.0 = Release|Win32
		{88C398F7-D5D5-4D9F-B6E3-6F9F69CFE1A2}.Debug|x64.ActiveCfg = Debug|x64
		{88C398F7-D5D5-4D9F-B6E3-6F9F69CFE1A2}.Debug|x64.Build.0 = Debug|x64
		{88C398F7-D5D5-4D9F-B6E3-6F9F69CFE1A2}.Debug|x86.ActiveCfg = Debug|Win32
		{88C398F7-D5D5-4D9F-B6E3-6F9F69CFE1A2}.Debug|x86.Build.0 = Debug|Win32
		{88C398F7-D5D5-4D9F-B6E3-6F9F69CFE1A2}.Release|x64.ActiveCfg = Release|x64
		{88C398F7-D5D5-4D9F-B6E3-6F9F69CFE1A2}.Release|x64.Build.0 = Release|x64
		{88C398F7-D5D5-4D9F-B6E3-6F9F69CFE1A2}.Release|x86.ActiveCfg = Release|Win32
		{88C398F7-D5D5-4D9F-B6E3-6F9F69CFE1A2}.Release|x86.Build.0 = Release|Win32
		{6F837B50-FF1C-4010-B670-A974B15621AE}.Debug|x64.ActiveCfg = Debug|x64
		{6F837B50-FF1C-4010-B670-A974B15621AE}.Debug|x64.Build.0 = Debug|x64
		{6F837B50-FF1C-4010-B670-A974B15621AE}.Debug|x86.ActiveCfg = Debug|Win32
		{6F837B50-FF1C-4010-B670-A974B15621AE}.Debug|x86.Build.0 = Debug|Win32
		{6F837B50-FF1C-4010-B670-A974B15621AE}.Release|x64.ActiveCfg = Release|x64
		{6F837B50-FF1C-4010-B670-A974B15621AE}.Release|x64.Build.0 = Release|x64
		{6F837B50-FF1C-4010-B670-A974B15621AE}.Release|x86.ActiveCfg = Release|Win32
		{6F837B50-FF1C-4010-B670-A974B15621AE}.Release|x86.Build.0 = Release|Win32
		{6C7EFAF8-C6B0-410E-A5FD-2B7FE5B3C83C}.Debug|x64.ActiveCfg = Debug|x64
		{6C7EFAF8-C6B0-410E-A5FD-2B7FE5B3C83C}.Debug|x64.Build.0 = Debug|x64
		{6C7EFAF8-C6B0-410E-A5FD-2B7FE5B3C83C}.Debug|x86.ActiveCfg = Debug|Win32
		{6C7EFAF8-C6B0-410E-A5FD-2B7FE5B3C83C}.Debug|x86.Build.0 = Debug|Win32
		{6C7EFAF8-C6B0-410E-A5FD-2B7FE5B3C83C}.Release|x64.ActiveCfg = Release|x64
		{6C7EFAF8-C6B0-410E-A5FD-2B7FE5B3C83C}.Release|x64.Build.0 = Release|x64
		{6C7EFAF8-C6B0-410E-A5FD-2B7FE5B3C83C}.Release|x86.ActiveCfg = Release|Win32
		{6C7EFAF8-C6B0-410E-A5FD-2B7FE5B3C83C}.Release|x86.Build.0 = Release|Win32
		{F7D2D203-E471-47FE-A644-18E36B5DDEC5}.Debug|x64.ActiveCfg = Debug|x64
		{F7D2D203-E471-47FE-A644-18E36B5DDEC5}.Debug|x64.Build.0 = Debug|x64
		{F7D2D203-E471-47FE-A644-18E36B5DDEC5}.Debug|x86.ActiveCfg = Debug|Win32
		{F7D2D203-E471-47FE-A644-18E36B5DDEC5}.Debug|x86.Build.0 = Debug|Win32
		{F7D2D203-E471-47FE-A644-18E36B5DDEC5}.Release|x64.ActiveCfg = Release|x64
		{F7D2D203-E471-47FE-A644-18E36B5DDEC5}.Release|x64.Build.0 = Release|x64
		{F7D2D203-E471-47FE-A644-18E36B5DDEC5}.Release|x86.ActiveCfg = Release|Win32
		{F7D2D203-E471-47FE-A644-18E36B5DDEC5}.Release|x86.Build.0 = Release|Win32
		{27F5356B-4424-4129-8C24-2757B56A4C8D}.Debug|x64.ActiveCfg = Debug|x64
		{27F5356B-4424-4129-8C24-2757B56A4C8D}.Debug|x64.Build.0 = Debug|x64
		{27F5356B-4424-4129-8C24-2757B56A4C8D}.Debug|x86.ActiveCfg = Debug|Win32
		{27F5356B-4424-4129-8C24-2757B56A4C8D}.Debug|x86.Build.0 = Debug|Win32
		{27F5356B-4424-4129-8C24-2757B56A4C8D}.Release|x64.ActiveCfg = Release|x64
		{27F5356B-4424-4129-8C24-2757B56A4C8D}.Release|x64.Build.0 = Release|x64
		{27F5356B-4424-4129-8C24-2757B56A4C8D}.Release|x86.ActiveCfg = Release|Win32
		{27F5356B-4424-4129-8C24-2757B56A4C8D}.Release|x86.Build.0 = Release|Win32
	EndGlobalSection
	GlobalSection(SolutionProperties) = preSolution
		HideSolutionNode = FALSE
	EndGlobalSection
	GlobalSection(ExtensibilityGlobals) = postSolution
		SolutionGuid = {4CB52230-2426-4E01-B548-4FC3515535FC}
	EndGlobalSection
EndGlobal
