
Microsoft Visual Studio Solution File, Format Version 12.00
# Visual Studio 15
VisualStudioVersion = 15.0.28010.2016
MinimumVisualStudioVersion = 10.0.40219.1
Project("{8BC9CEB8-8B4A-11D0-8D11-00A0C91BC942}") = "GOM", "GOM\GOM.vcxproj", "{3E68D1C0-4EDD-471B-B701-96E6C50F38DE}"
EndProject
Global
	GlobalSection(SolutionConfigurationPlatforms) = preSolution
		Debug|x64 = Debug|x64
		Debug|x86 = Debug|x86
		Release|x64 = Release|x64
		Release|x86 = Release|x86
	EndGlobalSection
	GlobalSection(ProjectConfigurationPlatforms) = postSolution
		{3E68D1C0-4EDD-471B-B701-96E6C50F38DE}.Debug|x64.ActiveCfg = Debug|x64
		{3E68D1C0-4EDD-471B-B701-96E6C50F38DE}.Debug|x64.Build.0 = Debug|x64
		{3E68D1C0-4EDD-471B-B701-96E6C50F38DE}.Debug|x86.ActiveCfg = Debug|Win32
		{3E68D1C0-4EDD-471B-B701-96E6C50F38DE}.Debug|x86.Build.0 = Debug|Win32
		{3E68D1C0-4EDD-471B-B701-96E6C50F38DE}.Release|x64.ActiveCfg = Release|x64
		{3E68D1C0-4EDD-471B-B701-96E6C50F38DE}.Release|x64.Build.0 = Release|x64
		{3E68D1C0-4EDD-471B-B701-96E6C50F38DE}.Release|x86.ActiveCfg = Release|Win32
		{3E68D1C0-4EDD-471B-B701-96E6C50F38DE}.Release|x86.Build.0 = Release|Win32
	EndGlobalSection
	GlobalSection(SolutionProperties) = preSolution
		HideSolutionNode = FALSE
	EndGlobalSection
	GlobalSection(ExtensibilityGlobals) = postSolution
		SolutionGuid = {016A37CF-3925-40AC-8A2D-64DAC297D267}
	EndGlobalSection
EndGlobal
